
Microsoft Visual Studio Solution File, Format Version 12.00
# Visual Studio Version 16
VisualStudioVersion = 16.0.30717.126
MinimumVisualStudioVersion = 10.0.40219.1
Project("{FAE04EC0-301F-11D3-BF4B-00C04F79EFBC}") = "AcceptInputAndTypeConversion", "AcceptInputAndTypeConversion\AcceptInputAndTypeConversion.csproj", "{FD831328-0CEC-40D5-B930-DCB00B4F657C}"
EndProject
Global
	GlobalSection(SolutionConfigurationPlatforms) = preSolution
		Debug|Any CPU = Debug|Any CPU
		Release|Any CPU = Release|Any CPU
	EndGlobalSection
	GlobalSection(ProjectConfigurationPlatforms) = postSolution
		{FD831328-0CEC-40D5-B930-DCB00B4F657C}.Debug|Any CPU.ActiveCfg = Debug|Any CPU
		{FD831328-0CEC-40D5-B930-DCB00B4F657C}.Debug|Any CPU.Build.0 = Debug|Any CPU
		{FD831328-0CEC-40D5-B930-DCB00B4F657C}.Release|Any CPU.ActiveCfg = Release|Any CPU
		{FD831328-0CEC-40D5-B930-DCB00B4F657C}.Release|Any CPU.Build.0 = Release|Any CPU
	EndGlobalSection
	GlobalSection(SolutionProperties) = preSolution
		HideSolutionNode = FALSE
	EndGlobalSection
	GlobalSection(ExtensibilityGlobals) = postSolution
		SolutionGuid = {14AFB613-F024-43AE-9064-8BCEC007E4B0}
	EndGlobalSection
EndGlobal
