
Microsoft Visual Studio Solution File, Format Version 12.00
# Visual Studio Version 16
VisualStudioVersion = 16.0.30717.126
MinimumVisualStudioVersion = 10.0.40219.1
Project("{FAE04EC0-301F-11D3-BF4B-00C04F79EFBC}") = "Demo01_HelloWorld", "Demo01_HelloWorld\Demo01_HelloWorld.csproj", "{F0A86C5F-3061-4F24-8FEB-E89E1C9B6C33}"
EndProject
Project("{FAE04EC0-301F-11D3-BF4B-00C04F79EFBC}") = "Demo02_StandardControls", "Demo02_StandardControls\Demo02_StandardControls.csproj", "{D3D14BBD-5F57-4480-B1C9-6D4AC02B236A}"
EndProject
Project("{FAE04EC0-301F-11D3-BF4B-00C04F79EFBC}") = "Demo03_CRUDOperations", "Demo03_CRUDOperations\Demo03_CRUDOperations.csproj", "{E60E81C8-ED53-4A5A-B48F-854EDC6A8C68}"
EndProject
Global
	GlobalSection(SolutionConfigurationPlatforms) = preSolution
		Debug|Any CPU = Debug|Any CPU
		Release|Any CPU = Release|Any CPU
	EndGlobalSection
	GlobalSection(ProjectConfigurationPlatforms) = postSolution
		{F0A86C5F-3061-4F24-8FEB-E89E1C9B6C33}.Debug|Any CPU.ActiveCfg = Debug|Any CPU
		{F0A86C5F-3061-4F24-8FEB-E89E1C9B6C33}.Debug|Any CPU.Build.0 = Debug|Any CPU
		{F0A86C5F-3061-4F24-8FEB-E89E1C9B6C33}.Release|Any CPU.ActiveCfg = Release|Any CPU
		{F0A86C5F-3061-4F24-8FEB-E89E1C9B6C33}.Release|Any CPU.Build.0 = Release|Any CPU
		{D3D14BBD-5F57-4480-B1C9-6D4AC02B236A}.Debug|Any CPU.ActiveCfg = Debug|Any CPU
		{D3D14BBD-5F57-4480-B1C9-6D4AC02B236A}.Debug|Any CPU.Build.0 = Debug|Any CPU
		{D3D14BBD-5F57-4480-B1C9-6D4AC02B236A}.Release|Any CPU.ActiveCfg = Release|Any CPU
		{D3D14BBD-5F57-4480-B1C9-6D4AC02B236A}.Release|Any CPU.Build.0 = Release|Any CPU
		{E60E81C8-ED53-4A5A-B48F-854EDC6A8C68}.Debug|Any CPU.ActiveCfg = Debug|Any CPU
		{E60E81C8-ED53-4A5A-B48F-854EDC6A8C68}.Debug|Any CPU.Build.0 = Debug|Any CPU
		{E60E81C8-ED53-4A5A-B48F-854EDC6A8C68}.Release|Any CPU.ActiveCfg = Release|Any CPU
		{E60E81C8-ED53-4A5A-B48F-854EDC6A8C68}.Release|Any CPU.Build.0 = Release|Any CPU
	EndGlobalSection
	GlobalSection(SolutionProperties) = preSolution
		HideSolutionNode = FALSE
	EndGlobalSection
	GlobalSection(ExtensibilityGlobals) = postSolution
		SolutionGuid = {946B3DF9-80F4-4B2F-AE13-7BC14BF3F207}
	EndGlobalSection
EndGlobal
