
Microsoft Visual Studio Solution File, Format Version 12.00
# Visual Studio Version 16
VisualStudioVersion = 16.0.30717.126
MinimumVisualStudioVersion = 10.0.40219.1
Project("{FAE04EC0-301F-11D3-BF4B-00C04F79EFBC}") = "BooleanToYesNo", "BooleanToYesNo\BooleanToYesNo.csproj", "{A4B1AF86-A429-419E-986B-946C2B06929B}"
EndProject
Global
	GlobalSection(SolutionConfigurationPlatforms) = preSolution
		Debug|Any CPU = Debug|Any CPU
		Release|Any CPU = Release|Any CPU
	EndGlobalSection
	GlobalSection(ProjectConfigurationPlatforms) = postSolution
		{A4B1AF86-A429-419E-986B-946C2B06929B}.Debug|Any CPU.ActiveCfg = Debug|Any CPU
		{A4B1AF86-A429-419E-986B-946C2B06929B}.Debug|Any CPU.Build.0 = Debug|Any CPU
		{A4B1AF86-A429-419E-986B-946C2B06929B}.Release|Any CPU.ActiveCfg = Release|Any CPU
		{A4B1AF86-A429-419E-986B-946C2B06929B}.Release|Any CPU.Build.0 = Release|Any CPU
	EndGlobalSection
	GlobalSection(SolutionProperties) = preSolution
		HideSolutionNode = FALSE
	EndGlobalSection
	GlobalSection(ExtensibilityGlobals) = postSolution
		SolutionGuid = {64667EA9-796C-4239-9D18-EED308FA103A}
	EndGlobalSection
EndGlobal
